
Microsoft Visual Studio Solution File, Format Version 12.00
# Visual Studio Version 17
VisualStudioVersion = 17.14.36015.10 d17.14
MinimumVisualStudioVersion = 10.0.40219.1
Project("{FAE04EC0-301F-11D3-BF4B-00C04F79EFBC}") = "Lista1ex7", "Lista1ex7\Lista1ex7.csproj", "{0288FF8A-53B1-45E0-ABF2-4BD40E062452}"
EndProject
Global
	GlobalSection(SolutionConfigurationPlatforms) = preSolution
		Debug|Any CPU = Debug|Any CPU
		Release|Any CPU = Release|Any CPU
	EndGlobalSection
	GlobalSection(ProjectConfigurationPlatforms) = postSolution
		{0288FF8A-53B1-45E0-ABF2-4BD40E062452}.Debug|Any CPU.ActiveCfg = Debug|Any CPU
		{0288FF8A-53B1-45E0-ABF2-4BD40E062452}.Debug|Any CPU.Build.0 = Debug|Any CPU
		{0288FF8A-53B1-45E0-ABF2-4BD40E062452}.Release|Any CPU.ActiveCfg = Release|Any CPU
		{0288FF8A-53B1-45E0-ABF2-4BD40E062452}.Release|Any CPU.Build.0 = Release|Any CPU
	EndGlobalSection
	GlobalSection(SolutionProperties) = preSolution
		HideSolutionNode = FALSE
	EndGlobalSection
	GlobalSection(ExtensibilityGlobals) = postSolution
		SolutionGuid = {BBC0AD23-D05B-402D-895E-C6DE1D532229}
	EndGlobalSection
EndGlobal
