
Microsoft Visual Studio Solution File, Format Version 12.00
# Visual Studio Version 17
VisualStudioVersion = 17.14.36015.10 d17.14
MinimumVisualStudioVersion = 10.0.40219.1
Project("{FAE04EC0-301F-11D3-BF4B-00C04F79EFBC}") = "Lista1ex5", "Lista1ex5\Lista1ex5.csproj", "{95175401-4ECD-4791-942C-B09E8026D1BC}"
EndProject
Global
	GlobalSection(SolutionConfigurationPlatforms) = preSolution
		Debug|Any CPU = Debug|Any CPU
		Release|Any CPU = Release|Any CPU
	EndGlobalSection
	GlobalSection(ProjectConfigurationPlatforms) = postSolution
		{95175401-4ECD-4791-942C-B09E8026D1BC}.Debug|Any CPU.ActiveCfg = Debug|Any CPU
		{95175401-4ECD-4791-942C-B09E8026D1BC}.Debug|Any CPU.Build.0 = Debug|Any CPU
		{95175401-4ECD-4791-942C-B09E8026D1BC}.Release|Any CPU.ActiveCfg = Release|Any CPU
		{95175401-4ECD-4791-942C-B09E8026D1BC}.Release|Any CPU.Build.0 = Release|Any CPU
	EndGlobalSection
	GlobalSection(SolutionProperties) = preSolution
		HideSolutionNode = FALSE
	EndGlobalSection
	GlobalSection(ExtensibilityGlobals) = postSolution
		SolutionGuid = {702595B5-9C35-4CE6-B346-64D8F85D5EE5}
	EndGlobalSection
EndGlobal
